// !$*UTF8*$!
{
	archiveVersion = 1;
	classes = {
	};
	objectVersion = 48;
	objects = {

/* Begin PBXBuildFile section */
		6CD24FE9202506DC005C5268 /* AppDelegate.swift in Sources */ = {isa = PBXBuildFile; fileRef = 6CD24FE8202506DC005C5268 /* AppDelegate.swift */; };
		6CD24FEB202506DC005C5268 /* ViewController.swift in Sources */ = {isa = PBXBuildFile; fileRef = 6CD24FEA202506DC005C5268 /* ViewController.swift */; };
		6CD24FEE202506DC005C5268 /* Main.storyboard in Resources */ = {isa = PBXBuildFile; fileRef = 6CD24FEC202506DC005C5268 /* Main.storyboard */; };
		6CD24FF0202506DC005C5268 /* Assets.xcassets in Resources */ = {isa = PBXBuildFile; fileRef = 6CD24FEF202506DC005C5268 /* Assets.xcassets */; };
		6CD24FF3202506DC005C5268 /* LaunchScreen.storyboard in Resources */ = {isa = PBXBuildFile; fileRef = 6CD24FF1202506DC005C5268 /* LaunchScreen.storyboard */; };
		6CD24FFB202508B7005C5268 /* SeatsController.swift in Sources */ = {isa = PBXBuildFile; fileRef = 6CD24FFA202508B7005C5268 /* SeatsController.swift */; };
		6CD24FFD202508CC005C5268 /* ContactInfoController.swift in Sources */ = {isa = PBXBuildFile; fileRef = 6CD24FFC202508CC005C5268 /* ContactInfoController.swift */; };
		6CD24FFF202508E0005C5268 /* TripsController.swift in Sources */ = {isa = PBXBuildFile; fileRef = 6CD24FFE202508E0005C5268 /* TripsController.swift */; };
		6CD25001202508FE005C5268 /* Trips.storyboard in Resources */ = {isa = PBXBuildFile; fileRef = 6CD25000202508FE005C5268 /* Trips.storyboard */; };
/* End PBXBuildFile section */

/* Begin PBXFileReference section */
		6CD24FE5202506DC005C5268 /* ScreenTest.app */ = {isa = PBXFileReference; explicitFileType = wrapper.application; includeInIndex = 0; path = ScreenTest.app; sourceTree = BUILT_PRODUCTS_DIR; };
		6CD24FE8202506DC005C5268 /* AppDelegate.swift */ = {isa = PBXFileReference; lastKnownFileType = sourcecode.swift; path = AppDelegate.swift; sourceTree = "<group>"; };
		6CD24FEA202506DC005C5268 /* ViewController.swift */ = {isa = PBXFileReference; lastKnownFileType = sourcecode.swift; path = ViewController.swift; sourceTree = "<group>"; };
		6CD24FED202506DC005C5268 /* Base */ = {isa = PBXFileReference; lastKnownFileType = file.storyboard; name = Base; path = Base.lproj/Main.storyboard; sourceTree = "<group>"; };
		6CD24FEF202506DC005C5268 /* Assets.xcassets */ = {isa = PBXFileReference; lastKnownFileType = folder.assetcatalog; path = Assets.xcassets; sourceTree = "<group>"; };
		6CD24FF2202506DC005C5268 /* Base */ = {isa = PBXFileReference; lastKnownFileType = file.storyboard; name = Base; path = Base.lproj/LaunchScreen.storyboard; sourceTree = "<group>"; };
		6CD24FF4202506DC005C5268 /* Info.plist */ = {isa = PBXFileReference; lastKnownFileType = text.plist.xml; path = Info.plist; sourceTree = "<group>"; };
		6CD24FFA202508B7005C5268 /* SeatsController.swift */ = {isa = PBXFileReference; lastKnownFileType = sourcecode.swift; path = SeatsController.swift; sourceTree = "<group>"; };
		6CD24FFC202508CC005C5268 /* ContactInfoController.swift */ = {isa = PBXFileReference; lastKnownFileType = sourcecode.swift; path = ContactInfoController.swift; sourceTree = "<group>"; };
		6CD24FFE202508E0005C5268 /* TripsController.swift */ = {isa = PBXFileReference; lastKnownFileType = sourcecode.swift; path = TripsController.swift; sourceTree = "<group>"; };
		6CD25000202508FE005C5268 /* Trips.storyboard */ = {isa = PBXFileReference; lastKnownFileType = file.storyboard; path = Trips.storyboard; sourceTree = "<group>"; };
/* End PBXFileReference section */

/* Begin PBXFrameworksBuildPhase section */
		6CD24FE2202506DC005C5268 /* Frameworks */ = {
			isa = PBXFrameworksBuildPhase;
			buildActionMask = 2147483647;
			files = (
			);
			runOnlyForDeploymentPostprocessing = 0;
		};
/* End PBXFrameworksBuildPhase section */

/* Begin PBXGroup section */
		6CD24FDC202506DC005C5268 = {
			isa = PBXGroup;
			children = (
				6CD24FE7202506DC005C5268 /* ScreenTest */,
				6CD24FE6202506DC005C5268 /* Products */,
			);
			sourceTree = "<group>";
		};
		6CD24FE6202506DC005C5268 /* Products */ = {
			isa = PBXGroup;
			children = (
				6CD24FE5202506DC005C5268 /* ScreenTest.app */,
			);
			name = Products;
			sourceTree = "<group>";
		};
		6CD24FE7202506DC005C5268 /* ScreenTest */ = {
			isa = PBXGroup;
			children = (
				6CD24FE8202506DC005C5268 /* AppDelegate.swift */,
				6CD24FEA202506DC005C5268 /* ViewController.swift */,
				6CD24FEC202506DC005C5268 /* Main.storyboard */,
				6CD24FEF202506DC005C5268 /* Assets.xcassets */,
				6CD24FF1202506DC005C5268 /* LaunchScreen.storyboard */,
				6CD24FF4202506DC005C5268 /* Info.plist */,
				6CD24FFA202508B7005C5268 /* SeatsController.swift */,
				6CD24FFC202508CC005C5268 /* ContactInfoController.swift */,
				6CD24FFE202508E0005C5268 /* TripsController.swift */,
				6CD25000202508FE005C5268 /* Trips.storyboard */,
			);
			path = ScreenTest;
			sourceTree = "<group>";
		};
/* End PBXGroup section */

/* Begin PBXNativeTarget section */
		6CD24FE4202506DC005C5268 /* ScreenTest */ = {
			isa = PBXNativeTarget;
			buildConfigurationList = 6CD24FF7202506DC005C5268 /* Build configuration list for PBXNativeTarget "ScreenTest" */;
			buildPhases = (
				6CD24FE1202506DC005C5268 /* Sources */,
				6CD24FE2202506DC005C5268 /* Frameworks */,
				6CD24FE3202506DC005C5268 /* Resources */,
			);
			buildRules = (
			);
			dependencies = (
			);
			name = ScreenTest;
			productName = ScreenTest;
			productReference = 6CD24FE5202506DC005C5268 /* ScreenTest.app */;
			productType = "com.apple.product-type.application";
		};
/* End PBXNativeTarget section */

/* Begin PBXProject section */
		6CD24FDD202506DC005C5268 /* Project object */ = {
			isa = PBXProject;
			attributes = {
				LastSwiftUpdateCheck = 0920;
				LastUpgradeCheck = 0920;
				ORGANIZATIONNAME = "Fernando Mota e Silva";
				TargetAttributes = {
					6CD24FE4202506DC005C5268 = {
						CreatedOnToolsVersion = 9.2;
						ProvisioningStyle = Automatic;
					};
				};
			};
			buildConfigurationList = 6CD24FE0202506DC005C5268 /* Build configuration list for PBXProject "ScreenTest" */;
			compatibilityVersion = "Xcode 8.0";
			developmentRegion = en;
			hasScannedForEncodings = 0;
			knownRegions = (
				en,
				Base,
			);
			mainGroup = 6CD24FDC202506DC005C5268;
			productRefGroup = 6CD24FE6202506DC005C5268 /* Products */;
			projectDirPath = "";
			projectRoot = "";
			targets = (
				6CD24FE4202506DC005C5268 /* ScreenTest */,
			);
		};
/* End PBXProject section */

/* Begin PBXResourcesBuildPhase section */
		6CD24FE3202506DC005C5268 /* Resources */ = {
			isa = PBXResourcesBuildPhase;
			buildActionMask = 2147483647;
			files = (
				6CD24FF3202506DC005C5268 /* LaunchScreen.storyboard in Resources */,
				6CD25001202508FE005C5268 /* Trips.storyboard in Resources */,
				6CD24FF0202506DC005C5268 /* Assets.xcassets in Resources */,
				6CD24FEE202506DC005C5268 /* Main.storyboard in Resources */,
			);
			runOnlyForDeploymentPostprocessing = 0;
		};
/* End PBXResourcesBuildPhase section */

/* Begin PBXSourcesBuildPhase section */
		6CD24FE1202506DC005C5268 /* Sources */ = {
			isa = PBXSourcesBuildPhase;
			buildActionMask = 2147483647;
			files = (
				6CD24FFF202508E0005C5268 /* TripsController.swift in Sources */,
				6CD24FEB202506DC005C5268 /* ViewController.swift in Sources */,
				6CD24FE9202506DC005C5268 /* AppDelegate.swift in Sources */,
				6CD24FFD202508CC005C5268 /* ContactInfoController.swift in Sources */,
				6CD24FFB202508B7005C5268 /* SeatsController.swift in Sources */,
			);
			runOnlyForDeploymentPostprocessing = 0;
		};
/* End PBXSourcesBuildPhase section */

/* Begin PBXVariantGroup section */
		6CD24FEC202506DC005C5268 /* Main.storyboard */ = {
			isa = PBXVariantGroup;
			children = (
				6CD24FED202506DC005C5268 /* Base */,
			);
			name = Main.storyboard;
			sourceTree = "<group>";
		};
		6CD24FF1202506DC005C5268 /* LaunchScreen.storyboard */ = {
			isa = PBXVariantGroup;
			children = (
				6CD24FF2202506DC005C5268 /* Base */,
			);
			name = LaunchScreen.storyboard;
			sourceTree = "<group>";
		};
/* End PBXVariantGroup section */

/* Begin XCBuildConfiguration section */
		6CD24FF5202506DC005C5268 /* Debug */ = {
			isa = XCBuildConfiguration;
			buildSettings = {
				ALWAYS_SEARCH_USER_PATHS = NO;
				CLANG_ANALYZER_NONNULL = YES;
				CLANG_ANALYZER_NUMBER_OBJECT_CONVERSION = YES_AGGRESSIVE;
				CLANG_CXX_LANGUAGE_STANDARD = "gnu++14";
				CLANG_CXX_LIBRARY = "libc++";
				CLANG_ENABLE_MODULES = YES;
				CLANG_ENABLE_OBJC_ARC = YES;
				CLANG_WARN_BLOCK_CAPTURE_AUTORELEASING = YES;
				CLANG_WARN_BOOL_CONVERSION = YES;
				CLANG_WARN_COMMA = YES;
				CLANG_WARN_CONSTANT_CONVERSION = YES;
				CLANG_WARN_DIRECT_OBJC_ISA_USAGE = YES_ERROR;
				CLANG_WARN_DOCUMENTATION_COMMENTS = YES;
				CLANG_WARN_EMPTY_BODY = YES;
				CLANG_WARN_ENUM_CONVERSION = YES;
				CLANG_WARN_INFINITE_RECURSION = YES;
				CLANG_WARN_INT_CONVERSION = YES;
				CLANG_WARN_NON_LITERAL_NULL_CONVERSION = YES;
				CLANG_WARN_OBJC_LITERAL_CONVERSION = YES;
				CLANG_WARN_OBJC_ROOT_CLASS = YES_ERROR;
				CLANG_WARN_RANGE_LOOP_ANALYSIS = YES;
				CLANG_WARN_STRICT_PROTOTYPES = YES;
				CLANG_WARN_SUSPICIOUS_MOVE = YES;
				CLANG_WARN_UNGUARDED_AVAILABILITY = YES_AGGRESSIVE;
				CLANG_WARN_UNREACHABLE_CODE = YES;
				CLANG_WARN__DUPLICATE_METHOD_MATCH = YES;
				CODE_SIGN_IDENTITY = "iPhone Developer";
				COPY_PHASE_STRIP = NO;
				DEBUG_INFORMATION_FORMAT = dwarf;
				ENABLE_STRICT_OBJC_MSGSEND = YES;
				ENABLE_TESTABILITY = YES;
				GCC_C_LANGUAGE_STANDARD = gnu11;
				GCC_DYNAMIC_NO_PIC = NO;
				GCC_NO_COMMON_BLOCKS = YES;
				GCC_OPTIMIZATION_LEVEL = 0;
				GCC_PREPROCESSOR_DEFINITIONS = (
					"DEBUG=1",
					"$(inherited)",
				);
				GCC_WARN_64_TO_32_BIT_CONVERSION = YES;
				GCC_WARN_ABOUT_RETURN_TYPE = YES_ERROR;
				GCC_WARN_UNDECLARED_SELECTOR = YES;
				GCC_WARN_UNINITIALIZED_AUTOS = YES_AGGRESSIVE;
				GCC_WARN_UNUSED_FUNCTION = YES;
				GCC_WARN_UNUSED_VARIABLE = YES;
				IPHONEOS_DEPLOYMENT_TARGET = 11.2;
				MTL_ENABLE_DEBUG_INFO = YES;
				ONLY_ACTIVE_ARCH = YES;
				SDKROOT = iphoneos;
				SWIFT_ACTIVE_COMPILATION_CONDITIONS = DEBUG;
				SWIFT_OPTIMIZATION_LEVEL = "-Onone";
			};
			name = Debug;
		};
		6CD24FF6202506DC005C5268 /* Release */ = {
			isa = XCBuildConfiguration;
			buildSettings = {
				ALWAYS_SEARCH_USER_PATHS = NO;
				CLANG_ANALYZER_NONNULL = YES;
				CLANG_ANALYZER_NUMBER_OBJECT_CONVERSION = YES_AGGRESSIVE;
				CLANG_CXX_LANGUAGE_STANDARD = "gnu++14";
				CLANG_CXX_LIBRARY = "libc++";
				CLANG_ENABLE_MODULES = YES;
				CLANG_ENABLE_OBJC_ARC = YES;
				CLANG_WARN_BLOCK_CAPTURE_AUTORELEASING = YES;
				CLANG_WARN_BOOL_CONVERSION = YES;
				CLANG_WARN_COMMA = YES;
				CLANG_WARN_CONSTANT_CONVERSION = YES;
				CLANG_WARN_DIRECT_OBJC_ISA_USAGE = YES_ERROR;
				CLANG_WARN_DOCUMENTATION_COMMENTS = YES;
				CLANG_WARN_EMPTY_BODY = YES;
				CLANG_WARN_ENUM_CONVERSION = YES;
				CLANG_WARN_INFINITE_RECURSION = YES;
				CLANG_WARN_INT_CONVERSION = YES;
				CLANG_WARN_NON_LITERAL_NULL_CONVERSION = YES;
				CLANG_WARN_OBJC_LITERAL_CONVERSION = YES;
				CLANG_WARN_OBJC_ROOT_CLASS = YES_ERROR;
				CLANG_WARN_RANGE_LOOP_ANALYSIS = YES;
				CLANG_WARN_STRICT_PROTOTYPES = YES;
				CLANG_WARN_SUSPICIOUS_MOVE = YES;
				CLANG_WARN_UNGUARDED_AVAILABILITY = YES_AGGRESSIVE;
				CLANG_WARN_UNREACHABLE_CODE = YES;
				CLANG_WARN__DUPLICATE_METHOD_MATCH = YES;
				CODE_SIGN_IDENTITY = "iPhone Developer";
				COPY_PHASE_STRIP = NO;
				DEBUG_INFORMATION_FORMAT = "dwarf-with-dsym";
				ENABLE_NS_ASSERTIONS = NO;
				ENABLE_STRICT_OBJC_MSGSEND = YES;
				GCC_C_LANGUAGE_STANDARD = gnu11;
				GCC_NO_COMMON_BLOCKS = YES;
				GCC_WARN_64_TO_32_BIT_CONVERSION = YES;
				GCC_WARN_ABOUT_RETURN_TYPE = YES_ERROR;
				GCC_WARN_UNDECLARED_SELECTOR = YES;
				GCC_WARN_UNINITIALIZED_AUTOS = YES_AGGRESSIVE;
				GCC_WARN_UNUSED_FUNCTION = YES;
				GCC_WARN_UNUSED_VARIABLE = YES;
				IPHONEOS_DEPLOYMENT_TARGET = 11.2;
				MTL_ENABLE_DEBUG_INFO = NO;
				SDKROOT = iphoneos;
				SWIFT_OPTIMIZATION_LEVEL = "-Owholemodule";
				VALIDATE_PRODUCT = YES;
			};
			name = Release;
		};
		6CD24FF8202506DC005C5268 /* Debug */ = {
			isa = XCBuildConfiguration;
			buildSettings = {
				ASSETCATALOG_COMPILER_APPICON_NAME = AppIcon;
				CODE_SIGN_STYLE = Automatic;
				DEVELOPMENT_TEAM = QVJSYWH4GV;
				INFOPLIST_FILE = ScreenTest/Info.plist;
				LD_RUNPATH_SEARCH_PATHS = "$(inherited) @executable_path/Frameworks";
				PRODUCT_BUNDLE_IDENTIFIER = com.halphdem.ScreenTest;
				PRODUCT_NAME = "$(TARGET_NAME)";
				SWIFT_VERSION = 4.0;
				TARGETED_DEVICE_FAMILY = "1,2";
			};
			name = Debug;
		};
		6CD24FF9202506DC005C5268 /* Release */ = {
			isa = XCBuildConfiguration;
			buildSettings = {
				ASSETCATALOG_COMPILER_APPICON_NAME = AppIcon;
				CODE_SIGN_STYLE = Automatic;
				DEVELOPMENT_TEAM = QVJSYWH4GV;
				INFOPLIST_FILE = ScreenTest/Info.plist;
				LD_RUNPATH_SEARCH_PATHS = "$(inherited) @executable_path/Frameworks";
				PRODUCT_BUNDLE_IDENTIFIER = com.halphdem.ScreenTest;
				PRODUCT_NAME = "$(TARGET_NAME)";
				SWIFT_VERSION = 4.0;
				TARGETED_DEVICE_FAMILY = "1,2";
			};
			name = Release;
		};
/* End XCBuildConfiguration section */

/* Begin XCConfigurationList section */
		6CD24FE0202506DC005C5268 /* Build configuration list for PBXProject "ScreenTest" */ = {
			isa = XCConfigurationList;
			buildConfigurations = (
				6CD24FF5202506DC005C5268 /* Debug */,
				6CD24FF6202506DC005C5268 /* Release */,
			);
			defaultConfigurationIsVisible = 0;
			defaultConfigurationName = Release;
		};
		6CD24FF7202506DC005C5268 /* Build configuration list for PBXNativeTarget "ScreenTest" */ = {
			isa = XCConfigurationList;
			buildConfigurations = (
				6CD24FF8202506DC005C5268 /* Debug */,
				6CD24FF9202506DC005C5268 /* Release */,
			);
			defaultConfigurationIsVisible = 0;
			defaultConfigurationName = Release;
		};
/* End XCConfigurationList section */
	};
	rootObject = 6CD24FDD202506DC005C5268 /* Project object */;
}
